
Microsoft Visual Studio Solution File, Format Version 12.00
# Visual Studio Version 17
VisualStudioVersion = 17.5.33516.290
MinimumVisualStudioVersion = 10.0.40219.1
Project("{FAE04EC0-301F-11D3-BF4B-00C04F79EFBC}") = "Week14", "Week14\Week14.csproj", "{06489046-637E-4812-8EDA-2E6769C41496}"
EndProject
Project("{FAE04EC0-301F-11D3-BF4B-00C04F79EFBC}") = "Cat", "Cat\Cat.csproj", "{AE5348D8-D0B6-4B37-9A97-222B80172049}"
EndProject
Global
	GlobalSection(SolutionConfigurationPlatforms) = preSolution
		Debug|Any CPU = Debug|Any CPU
		Release|Any CPU = Release|Any CPU
	EndGlobalSection
	GlobalSection(ProjectConfigurationPlatforms) = postSolution
		{06489046-637E-4812-8EDA-2E6769C41496}.Debug|Any CPU.ActiveCfg = Debug|Any CPU
		{06489046-637E-4812-8EDA-2E6769C41496}.Debug|Any CPU.Build.0 = Debug|Any CPU
		{06489046-637E-4812-8EDA-2E6769C41496}.Release|Any CPU.ActiveCfg = Release|Any CPU
		{06489046-637E-4812-8EDA-2E6769C41496}.Release|Any CPU.Build.0 = Release|Any CPU
		{AE5348D8-D0B6-4B37-9A97-222B80172049}.Debug|Any CPU.ActiveCfg = Debug|Any CPU
		{AE5348D8-D0B6-4B37-9A97-222B80172049}.Debug|Any CPU.Build.0 = Debug|Any CPU
		{AE5348D8-D0B6-4B37-9A97-222B80172049}.Release|Any CPU.ActiveCfg = Release|Any CPU
		{AE5348D8-D0B6-4B37-9A97-222B80172049}.Release|Any CPU.Build.0 = Release|Any CPU
	EndGlobalSection
	GlobalSection(SolutionProperties) = preSolution
		HideSolutionNode = FALSE
	EndGlobalSection
	GlobalSection(ExtensibilityGlobals) = postSolution
		SolutionGuid = {354E9BBC-FC7D-4132-BA05-BA819F80B130}
	EndGlobalSection
EndGlobal
